
Microsoft Visual Studio Solution File, Format Version 12.00
# Visual Studio Version 16
VisualStudioVersion = 16.0.30503.244
MinimumVisualStudioVersion = 10.0.40219.1
Project("{FAE04EC0-301F-11D3-BF4B-00C04F79EFBC}") = "лаб10", "лаб10.csproj", "{9A5049E7-DEB4-4CE9-9EF2-829B7D373209}"
EndProject
Global
	GlobalSection(SolutionConfigurationPlatforms) = preSolution
		Debug|Any CPU = Debug|Any CPU
		Release|Any CPU = Release|Any CPU
	EndGlobalSection
	GlobalSection(ProjectConfigurationPlatforms) = postSolution
		{9A5049E7-DEB4-4CE9-9EF2-829B7D373209}.Debug|Any CPU.ActiveCfg = Debug|Any CPU
		{9A5049E7-DEB4-4CE9-9EF2-829B7D373209}.Debug|Any CPU.Build.0 = Debug|Any CPU
		{9A5049E7-DEB4-4CE9-9EF2-829B7D373209}.Release|Any CPU.ActiveCfg = Release|Any CPU
		{9A5049E7-DEB4-4CE9-9EF2-829B7D373209}.Release|Any CPU.Build.0 = Release|Any CPU
	EndGlobalSection
	GlobalSection(SolutionProperties) = preSolution
		HideSolutionNode = FALSE
	EndGlobalSection
	GlobalSection(ExtensibilityGlobals) = postSolution
		SolutionGuid = {4C09C6C2-5060-4EA0-B088-348A5713DA55}
	EndGlobalSection
EndGlobal
